
Microsoft Visual Studio Solution File, Format Version 12.00
# Visual Studio Version 16
VisualStudioVersion = 16.0.30406.217
MinimumVisualStudioVersion = 10.0.40219.1
Project("{FAE04EC0-301F-11D3-BF4B-00C04F79EFBC}") = "Fiap.Aula02.Web", "Fiap.Aula02.Web\Fiap.Aula02.Web.csproj", "{1B97BD71-A84C-41B5-8129-34290975A03B}"
EndProject
Global
	GlobalSection(SolutionConfigurationPlatforms) = preSolution
		Debug|Any CPU = Debug|Any CPU
		Release|Any CPU = Release|Any CPU
	EndGlobalSection
	GlobalSection(ProjectConfigurationPlatforms) = postSolution
		{1B97BD71-A84C-41B5-8129-34290975A03B}.Debug|Any CPU.ActiveCfg = Debug|Any CPU
		{1B97BD71-A84C-41B5-8129-34290975A03B}.Debug|Any CPU.Build.0 = Debug|Any CPU
		{1B97BD71-A84C-41B5-8129-34290975A03B}.Release|Any CPU.ActiveCfg = Release|Any CPU
		{1B97BD71-A84C-41B5-8129-34290975A03B}.Release|Any CPU.Build.0 = Release|Any CPU
	EndGlobalSection
	GlobalSection(SolutionProperties) = preSolution
		HideSolutionNode = FALSE
	EndGlobalSection
	GlobalSection(ExtensibilityGlobals) = postSolution
		SolutionGuid = {F690E689-AC44-4CE0-9692-FD011BCB41AE}
	EndGlobalSection
EndGlobal
